
Microsoft Visual Studio Solution File, Format Version 12.00
# Visual Studio Version 16
VisualStudioVersion = 16.0.30104.148
MinimumVisualStudioVersion = 10.0.40219.1
Project("{FAE04EC0-301F-11D3-BF4B-00C04F79EFBC}") = "BpTools", "BpTools.csproj", "{4371EF86-CEAE-4989-B1EA-D96FBB2A585D}"
EndProject
Global
	GlobalSection(SolutionConfigurationPlatforms) = preSolution
		Debug|Any CPU = Debug|Any CPU
		Release|Any CPU = Release|Any CPU
	EndGlobalSection
	GlobalSection(ProjectConfigurationPlatforms) = postSolution
		{4371EF86-CEAE-4989-B1EA-D96FBB2A585D}.Debug|Any CPU.ActiveCfg = Debug|Any CPU
		{4371EF86-CEAE-4989-B1EA-D96FBB2A585D}.Debug|Any CPU.Build.0 = Debug|Any CPU
		{4371EF86-CEAE-4989-B1EA-D96FBB2A585D}.Release|Any CPU.ActiveCfg = Release|Any CPU
		{4371EF86-CEAE-4989-B1EA-D96FBB2A585D}.Release|Any CPU.Build.0 = Release|Any CPU
	EndGlobalSection
	GlobalSection(SolutionProperties) = preSolution
		HideSolutionNode = FALSE
	EndGlobalSection
	GlobalSection(ExtensibilityGlobals) = postSolution
		SolutionGuid = {E80A0659-EA31-49BF-9B48-C27330B04CE7}
	EndGlobalSection
EndGlobal
